
Microsoft Visual Studio Solution File, Format Version 12.00
# Visual Studio Version 16
VisualStudioVersion = 16.0.30711.63
MinimumVisualStudioVersion = 10.0.40219.1
Project("{FAE04EC0-301F-11D3-BF4B-00C04F79EFBC}") = "TeamInternational.Api", "TeamInternational\TeamInternational.Api.csproj", "{7C44B435-F655-4701-82B9-D2A935898631}"
EndProject
Project("{FAE04EC0-301F-11D3-BF4B-00C04F79EFBC}") = "TeamInternational.Application", "TeamInternational.Application\TeamInternational.Application.csproj", "{5D1264AE-0661-4053-8BF6-B025C374173B}"
EndProject
Project("{FAE04EC0-301F-11D3-BF4B-00C04F79EFBC}") = "TeamInternational.ApplicationService", "TeamInternational.ApplicationService\TeamInternational.ApplicationService.csproj", "{B7EC2F26-6E95-4F0B-9C5C-626358BCC8CD}"
EndProject
Project("{FAE04EC0-301F-11D3-BF4B-00C04F79EFBC}") = "TeamInternational.Domain", "TeamInternational.Domain\TeamInternational.Domain.csproj", "{50A15366-2067-4464-8706-1D0CDB3B3B12}"
EndProject
Project("{FAE04EC0-301F-11D3-BF4B-00C04F79EFBC}") = "TeamInternational.DomainService", "TeamInternational.DomainService\TeamInternational.DomainService.csproj", "{B3CDE13F-B895-4BC9-8683-779990C4B5E7}"
EndProject
Project("{FAE04EC0-301F-11D3-BF4B-00C04F79EFBC}") = "TeamInternational.RepositoryService", "TeamInternational.RepositoryService\TeamInternational.RepositoryService.csproj", "{497AE505-CDF4-414B-966D-3E71C7B2BAF2}"
EndProject
Global
	GlobalSection(SolutionConfigurationPlatforms) = preSolution
		Debug|Any CPU = Debug|Any CPU
		Release|Any CPU = Release|Any CPU
	EndGlobalSection
	GlobalSection(ProjectConfigurationPlatforms) = postSolution
		{7C44B435-F655-4701-82B9-D2A935898631}.Debug|Any CPU.ActiveCfg = Debug|Any CPU
		{7C44B435-F655-4701-82B9-D2A935898631}.Debug|Any CPU.Build.0 = Debug|Any CPU
		{7C44B435-F655-4701-82B9-D2A935898631}.Release|Any CPU.ActiveCfg = Release|Any CPU
		{7C44B435-F655-4701-82B9-D2A935898631}.Release|Any CPU.Build.0 = Release|Any CPU
		{5D1264AE-0661-4053-8BF6-B025C374173B}.Debug|Any CPU.ActiveCfg = Debug|Any CPU
		{5D1264AE-0661-4053-8BF6-B025C374173B}.Debug|Any CPU.Build.0 = Debug|Any CPU
		{5D1264AE-0661-4053-8BF6-B025C374173B}.Release|Any CPU.ActiveCfg = Release|Any CPU
		{5D1264AE-0661-4053-8BF6-B025C374173B}.Release|Any CPU.Build.0 = Release|Any CPU
		{B7EC2F26-6E95-4F0B-9C5C-626358BCC8CD}.Debug|Any CPU.ActiveCfg = Debug|Any CPU
		{B7EC2F26-6E95-4F0B-9C5C-626358BCC8CD}.Debug|Any CPU.Build.0 = Debug|Any CPU
		{B7EC2F26-6E95-4F0B-9C5C-626358BCC8CD}.Release|Any CPU.ActiveCfg = Release|Any CPU
		{B7EC2F26-6E95-4F0B-9C5C-626358BCC8CD}.Release|Any CPU.Build.0 = Release|Any CPU
		{50A15366-2067-4464-8706-1D0CDB3B3B12}.Debug|Any CPU.ActiveCfg = Debug|Any CPU
		{50A15366-2067-4464-8706-1D0CDB3B3B12}.Debug|Any CPU.Build.0 = Debug|Any CPU
		{50A15366-2067-4464-8706-1D0CDB3B3B12}.Release|Any CPU.ActiveCfg = Release|Any CPU
		{50A15366-2067-4464-8706-1D0CDB3B3B12}.Release|Any CPU.Build.0 = Release|Any CPU
		{B3CDE13F-B895-4BC9-8683-779990C4B5E7}.Debug|Any CPU.ActiveCfg = Debug|Any CPU
		{B3CDE13F-B895-4BC9-8683-779990C4B5E7}.Debug|Any CPU.Build.0 = Debug|Any CPU
		{B3CDE13F-B895-4BC9-8683-779990C4B5E7}.Release|Any CPU.ActiveCfg = Release|Any CPU
		{B3CDE13F-B895-4BC9-8683-779990C4B5E7}.Release|Any CPU.Build.0 = Release|Any CPU
		{497AE505-CDF4-414B-966D-3E71C7B2BAF2}.Debug|Any CPU.ActiveCfg = Debug|Any CPU
		{497AE505-CDF4-414B-966D-3E71C7B2BAF2}.Debug|Any CPU.Build.0 = Debug|Any CPU
		{497AE505-CDF4-414B-966D-3E71C7B2BAF2}.Release|Any CPU.ActiveCfg = Release|Any CPU
		{497AE505-CDF4-414B-966D-3E71C7B2BAF2}.Release|Any CPU.Build.0 = Release|Any CPU
	EndGlobalSection
	GlobalSection(SolutionProperties) = preSolution
		HideSolutionNode = FALSE
	EndGlobalSection
	GlobalSection(ExtensibilityGlobals) = postSolution
		SolutionGuid = {B62B2471-BE4C-4FD1-8DFE-5B19B029C23E}
	EndGlobalSection
EndGlobal
